{
  "version": 4,
  "terraform_version": "1.9.8",
  "serial": 151,
  "lineage": "0df17809-cbaf-44fa-32c2-74c0b5af2c91",
  "outputs": {
    "passwords": {
      "value": {
        "jane": "VPZL3G|VqP5A",
        "john": "!eFB}LK[[-F3",
        "rohit": "T($4trYfaR@V"
      },
      "type": [
        "object",
        {
          "jane": "string",
          "john": "string",
          "rohit": "string"
        }
      ],
      "sensitive": true
    },
    "role_policies": {
      "value": [
        {
          "policy": "AdministratorAccess",
          "role": "admin"
        },
        {
          "policy": "SecurityAudit",
          "role": "auditor"
        },
        {
          "policy": "AmazonVPCFullAccess",
          "role": "developer"
        },
        {
          "policy": "AmazonEC2FullAccess",
          "role": "developer"
        },
        {
          "policy": "AmazonRDSFullAccess",
          "role": "developer"
        },
        {
          "policy": "ReadOnlyAccess",
          "role": "readonly"
        }
      ],
      "type": [
        "tuple",
        [
          [
            "object",
            {
              "policy": "string",
              "role": "string"
            }
          ],
          [
            "object",
            {
              "policy": "string",
              "role": "string"
            }
          ],
          [
            "object",
            {
              "policy": "string",
              "role": "string"
            }
          ],
          [
            "object",
            {
              "policy": "string",
              "role": "string"
            }
          ],
          [
            "object",
            {
              "policy": "string",
              "role": "string"
            }
          ],
          [
            "object",
            {
              "policy": "string",
              "role": "string"
            }
          ]
        ]
      ]
    }
  },
  "resources": [
    {
      "mode": "data",
      "type": "aws_caller_identity",
      "name": "current",
      "provider": "provider[\"registry.terraform.io/hashicorp/aws\"]",
      "instances": [
        {
          "schema_version": 0,
          "attributes": {
            "account_id": "471112908246",
            "arn": "arn:aws:iam::471112908246:root",
            "id": "471112908246",
            "user_id": "471112908246"
          },
          "sensitive_attributes": []
        }
      ]
    },
    {
      "mode": "data",
      "type": "aws_iam_policy_document",
      "name": "policy_doc",
      "provider": "provider[\"registry.terraform.io/hashicorp/aws\"]",
      "instances": [
        {
          "schema_version": 0,
          "attributes": {
            "id": "2052889946",
            "json": "{\n  \"Version\": \"2012-10-17\",\n  \"Statement\": [\n    {\n      \"Effect\": \"Allow\",\n      \"Action\": \"sts:AssumeRole\",\n      \"Principal\": {\n        \"AWS\": [\n          \"arn:aws:iam::471112908246:user/rohit\",\n          \"arn:aws:iam::471112908246:user/john\",\n          \"arn:aws:iam::471112908246:user/jane\"\n        ]\n      }\n    }\n  ]\n}",
            "minified_json": "{\"Version\":\"2012-10-17\",\"Statement\":[{\"Effect\":\"Allow\",\"Action\":\"sts:AssumeRole\",\"Principal\":{\"AWS\":[\"arn:aws:iam::471112908246:user/rohit\",\"arn:aws:iam::471112908246:user/john\",\"arn:aws:iam::471112908246:user/jane\"]}}]}",
            "override_json": null,
            "override_policy_documents": null,
            "policy_id": null,
            "source_json": null,
            "source_policy_documents": null,
            "statement": [
              {
                "actions": [
                  "sts:AssumeRole"
                ],
                "condition": [],
                "effect": "Allow",
                "not_actions": [],
                "not_principals": [],
                "not_resources": [],
                "principals": [
                  {
                    "identifiers": [
                      "arn:aws:iam::471112908246:user/jane",
                      "arn:aws:iam::471112908246:user/john",
                      "arn:aws:iam::471112908246:user/rohit"
                    ],
                    "type": "AWS"
                  }
                ],
                "resources": [],
                "sid": ""
              }
            ],
            "version": "2012-10-17"
          },
          "sensitive_attributes": []
        }
      ]
    },
    {
      "mode": "managed",
      "type": "aws_iam_account_password_policy",
      "name": "allow_temp_passwords",
      "provider": "provider[\"registry.terraform.io/hashicorp/aws\"]",
      "instances": [
        {
          "schema_version": 0,
          "attributes": {
            "allow_users_to_change_password": true,
            "expire_passwords": false,
            "hard_expiry": false,
            "id": "iam-account-password-policy",
            "max_password_age": 0,
            "minimum_password_length": 8,
            "password_reuse_prevention": 0,
            "require_lowercase_characters": false,
            "require_numbers": false,
            "require_symbols": false,
            "require_uppercase_characters": false
          },
          "sensitive_attributes": [],
          "private": "bnVsbA=="
        }
      ]
    },
    {
      "mode": "managed",
      "type": "aws_iam_role",
      "name": "roles",
      "provider": "provider[\"registry.terraform.io/hashicorp/aws\"]",
      "instances": [
        {
          "index_key": "admin",
          "schema_version": 0,
          "attributes": {
            "arn": "arn:aws:iam::471112908246:role/admin",
            "assume_role_policy": "{\"Statement\":[{\"Action\":\"sts:AssumeRole\",\"Effect\":\"Allow\",\"Principal\":{\"AWS\":[\"arn:aws:iam::471112908246:user/rohit\",\"arn:aws:iam::471112908246:user/john\",\"arn:aws:iam::471112908246:user/jane\"]}}],\"Version\":\"2012-10-17\"}",
            "create_date": "2025-05-13T13:10:26Z",
            "description": "",
            "force_detach_policies": false,
            "id": "admin",
            "inline_policy": [],
            "managed_policy_arns": [],
            "max_session_duration": 3600,
            "name": "admin",
            "name_prefix": "",
            "path": "/",
            "permissions_boundary": "",
            "tags": null,
            "tags_all": {},
            "unique_id": "AROAW3MEEPXLIM3FR4JHH"
          },
          "sensitive_attributes": [],
          "private": "bnVsbA==",
          "dependencies": [
            "data.aws_caller_identity.current",
            "data.aws_iam_policy_document.policy_doc"
          ]
        },
        {
          "index_key": "auditor",
          "schema_version": 0,
          "attributes": {
            "arn": "arn:aws:iam::471112908246:role/auditor",
            "assume_role_policy": "{\"Statement\":[{\"Action\":\"sts:AssumeRole\",\"Effect\":\"Allow\",\"Principal\":{\"AWS\":[\"arn:aws:iam::471112908246:user/rohit\",\"arn:aws:iam::471112908246:user/john\",\"arn:aws:iam::471112908246:user/jane\"]}}],\"Version\":\"2012-10-17\"}",
            "create_date": "2025-05-13T13:10:26Z",
            "description": "",
            "force_detach_policies": false,
            "id": "auditor",
            "inline_policy": [],
            "managed_policy_arns": [],
            "max_session_duration": 3600,
            "name": "auditor",
            "name_prefix": "",
            "path": "/",
            "permissions_boundary": "",
            "tags": null,
            "tags_all": {},
            "unique_id": "AROAW3MEEPXLM6BIV5KQG"
          },
          "sensitive_attributes": [],
          "private": "bnVsbA==",
          "dependencies": [
            "data.aws_caller_identity.current",
            "data.aws_iam_policy_document.policy_doc"
          ]
        },
        {
          "index_key": "developer",
          "schema_version": 0,
          "attributes": {
            "arn": "arn:aws:iam::471112908246:role/developer",
            "assume_role_policy": "{\"Statement\":[{\"Action\":\"sts:AssumeRole\",\"Effect\":\"Allow\",\"Principal\":{\"AWS\":[\"arn:aws:iam::471112908246:user/rohit\",\"arn:aws:iam::471112908246:user/john\",\"arn:aws:iam::471112908246:user/jane\"]}}],\"Version\":\"2012-10-17\"}",
            "create_date": "2025-05-13T13:10:26Z",
            "description": "",
            "force_detach_policies": false,
            "id": "developer",
            "inline_policy": [],
            "managed_policy_arns": [],
            "max_session_duration": 3600,
            "name": "developer",
            "name_prefix": "",
            "path": "/",
            "permissions_boundary": "",
            "tags": null,
            "tags_all": {},
            "unique_id": "AROAW3MEEPXLORY6SKNIR"
          },
          "sensitive_attributes": [],
          "private": "bnVsbA==",
          "dependencies": [
            "data.aws_caller_identity.current",
            "data.aws_iam_policy_document.policy_doc"
          ]
        },
        {
          "index_key": "readonly",
          "schema_version": 0,
          "attributes": {
            "arn": "arn:aws:iam::471112908246:role/readonly",
            "assume_role_policy": "{\"Statement\":[{\"Action\":\"sts:AssumeRole\",\"Effect\":\"Allow\",\"Principal\":{\"AWS\":[\"arn:aws:iam::471112908246:user/rohit\",\"arn:aws:iam::471112908246:user/john\",\"arn:aws:iam::471112908246:user/jane\"]}}],\"Version\":\"2012-10-17\"}",
            "create_date": "2025-05-13T13:10:27Z",
            "description": "",
            "force_detach_policies": false,
            "id": "readonly",
            "inline_policy": [],
            "managed_policy_arns": [],
            "max_session_duration": 3600,
            "name": "readonly",
            "name_prefix": "",
            "path": "/",
            "permissions_boundary": "",
            "tags": null,
            "tags_all": {},
            "unique_id": "AROAW3MEEPXLH5A4DQVF2"
          },
          "sensitive_attributes": [],
          "private": "bnVsbA==",
          "dependencies": [
            "data.aws_caller_identity.current",
            "data.aws_iam_policy_document.policy_doc"
          ]
        }
      ]
    },
    {
      "mode": "managed",
      "type": "aws_iam_role_policy_attachment",
      "name": "role_policy_attachment",
      "provider": "provider[\"registry.terraform.io/hashicorp/aws\"]",
      "instances": [
        {
          "index_key": "admin-AdministratorAccess",
          "schema_version": 0,
          "attributes": {
            "id": "admin-20250513131027942500000002",
            "policy_arn": "arn:aws:iam::aws:policy/AdministratorAccess",
            "role": "admin"
          },
          "sensitive_attributes": [],
          "private": "bnVsbA==",
          "dependencies": [
            "aws_iam_role.roles",
            "data.aws_caller_identity.current",
            "data.aws_iam_policy_document.policy_doc"
          ]
        },
        {
          "index_key": "auditor-SecurityAudit",
          "schema_version": 0,
          "attributes": {
            "id": "auditor-20250513131027940500000001",
            "policy_arn": "arn:aws:iam::aws:policy/SecurityAudit",
            "role": "auditor"
          },
          "sensitive_attributes": [],
          "private": "bnVsbA==",
          "dependencies": [
            "aws_iam_role.roles",
            "data.aws_caller_identity.current",
            "data.aws_iam_policy_document.policy_doc"
          ]
        },
        {
          "index_key": "developer-AmazonEC2FullAccess",
          "schema_version": 0,
          "attributes": {
            "id": "developer-20250513131027972500000005",
            "policy_arn": "arn:aws:iam::aws:policy/AmazonEC2FullAccess",
            "role": "developer"
          },
          "sensitive_attributes": [],
          "private": "bnVsbA==",
          "dependencies": [
            "aws_iam_role.roles",
            "data.aws_caller_identity.current",
            "data.aws_iam_policy_document.policy_doc"
          ]
        },
        {
          "index_key": "developer-AmazonRDSFullAccess",
          "schema_version": 0,
          "attributes": {
            "id": "developer-20250513131027944700000003",
            "policy_arn": "arn:aws:iam::aws:policy/AmazonRDSFullAccess",
            "role": "developer"
          },
          "sensitive_attributes": [],
          "private": "bnVsbA==",
          "dependencies": [
            "aws_iam_role.roles",
            "data.aws_caller_identity.current",
            "data.aws_iam_policy_document.policy_doc"
          ]
        },
        {
          "index_key": "developer-AmazonVPCFullAccess",
          "schema_version": 0,
          "attributes": {
            "id": "developer-20250513131027974500000006",
            "policy_arn": "arn:aws:iam::aws:policy/AmazonVPCFullAccess",
            "role": "developer"
          },
          "sensitive_attributes": [],
          "private": "bnVsbA==",
          "dependencies": [
            "aws_iam_role.roles",
            "data.aws_caller_identity.current",
            "data.aws_iam_policy_document.policy_doc"
          ]
        },
        {
          "index_key": "readonly-ReadOnlyAccess",
          "schema_version": 0,
          "attributes": {
            "id": "readonly-20250513131027970400000004",
            "policy_arn": "arn:aws:iam::aws:policy/ReadOnlyAccess",
            "role": "readonly"
          },
          "sensitive_attributes": [],
          "private": "bnVsbA==",
          "dependencies": [
            "aws_iam_role.roles",
            "data.aws_caller_identity.current",
            "data.aws_iam_policy_document.policy_doc"
          ]
        }
      ]
    },
    {
      "mode": "managed",
      "type": "aws_iam_user",
      "name": "users",
      "provider": "provider[\"registry.terraform.io/hashicorp/aws\"]",
      "instances": [
        {
          "index_key": "jane",
          "schema_version": 0,
          "attributes": {
            "arn": "arn:aws:iam::471112908246:user/jane",
            "force_destroy": false,
            "id": "jane",
            "name": "jane",
            "path": "/",
            "permissions_boundary": "",
            "tags": null,
            "tags_all": {},
            "unique_id": "AIDAW3MEEPXLBB3UZUB2F"
          },
          "sensitive_attributes": [],
          "private": "bnVsbA=="
        },
        {
          "index_key": "john",
          "schema_version": 0,
          "attributes": {
            "arn": "arn:aws:iam::471112908246:user/john",
            "force_destroy": false,
            "id": "john",
            "name": "john",
            "path": "/",
            "permissions_boundary": "",
            "tags": null,
            "tags_all": {},
            "unique_id": "AIDAW3MEEPXLGYGK3IEB6"
          },
          "sensitive_attributes": [],
          "private": "bnVsbA=="
        },
        {
          "index_key": "rohit",
          "schema_version": 0,
          "attributes": {
            "arn": "arn:aws:iam::471112908246:user/rohit",
            "force_destroy": false,
            "id": "rohit",
            "name": "rohit",
            "path": "/",
            "permissions_boundary": "",
            "tags": null,
            "tags_all": {},
            "unique_id": "AIDAW3MEEPXLOCJEAKAF6"
          },
          "sensitive_attributes": [],
          "private": "bnVsbA=="
        }
      ]
    },
    {
      "mode": "managed",
      "type": "aws_iam_user_login_profile",
      "name": "this",
      "provider": "provider[\"registry.terraform.io/hashicorp/aws\"]",
      "instances": [
        {
          "index_key": "jane",
          "schema_version": 0,
          "attributes": {
            "encrypted_password": null,
            "id": "jane",
            "key_fingerprint": null,
            "password": "VPZL3G|VqP5A",
            "password_length": 12,
            "password_reset_required": true,
            "pgp_key": "",
            "user": "jane"
          },
          "sensitive_attributes": [
            [
              {
                "type": "get_attr",
                "value": "password"
              }
            ]
          ],
          "private": "bnVsbA==",
          "dependencies": [
            "aws_iam_user.users"
          ]
        },
        {
          "index_key": "john",
          "schema_version": 0,
          "attributes": {
            "encrypted_password": null,
            "id": "john",
            "key_fingerprint": null,
            "password": "!eFB}LK[[-F3",
            "password_length": 12,
            "password_reset_required": true,
            "pgp_key": "",
            "user": "john"
          },
          "sensitive_attributes": [
            [
              {
                "type": "get_attr",
                "value": "password"
              }
            ]
          ],
          "private": "bnVsbA==",
          "dependencies": [
            "aws_iam_user.users"
          ]
        },
        {
          "index_key": "rohit",
          "schema_version": 0,
          "attributes": {
            "encrypted_password": null,
            "id": "rohit",
            "key_fingerprint": null,
            "password": "T($4trYfaR@V",
            "password_length": 12,
            "password_reset_required": true,
            "pgp_key": "",
            "user": "rohit"
          },
          "sensitive_attributes": [
            [
              {
                "type": "get_attr",
                "value": "password"
              }
            ]
          ],
          "private": "bnVsbA==",
          "dependencies": [
            "aws_iam_user.users"
          ]
        }
      ]
    }
  ],
  "check_results": null
}
