{
  "version": 4,
  "terraform_version": "1.9.8",
  "serial": 31,
  "lineage": "951d3cc1-8326-e367-f0ea-939e28c48144",
  "outputs": {},
  "resources": [
    {
      "mode": "data",
      "type": "archive_file",
      "name": "lambda_code",
      "provider": "provider[\"registry.terraform.io/hashicorp/archive\"]",
      "instances": [
        {
          "schema_version": 0,
          "attributes": {
            "exclude_symlink_directories": null,
            "excludes": null,
            "id": "9c67376a0648b5ce0118f19f6bd56d6523bf0a1b",
            "output_base64sha256": "zd2vo+P/whBvl9f122lod96ty8dU+Tl2ZmON2FHGHyo=",
            "output_base64sha512": "2YYHTo3VRMQuX3D7YLYSbUJp+tQymdxWckVKUJ02rSEikN8VrVfhvn25cxwd0deOhcEtIYWfbGHDWc4RKNkJ9w==",
            "output_file_mode": null,
            "output_md5": "f5ad8c372d42bdb7a5335b7610ad8d0e",
            "output_path": "./build/lambda.zip",
            "output_sha": "9c67376a0648b5ce0118f19f6bd56d6523bf0a1b",
            "output_sha256": "cdddafa3e3ffc2106f97d7f5db696877deadcbc754f9397666638dd851c61f2a",
            "output_sha512": "d986074e8dd544c42e5f70fb60b6126d4269fad43299dc5672454a509d36ad212290df15ad57e1be7db9731c1dd1d78e85c12d21859f6c61c359ce1128d909f7",
            "output_size": 274,
            "source": [],
            "source_content": null,
            "source_content_filename": null,
            "source_dir": null,
            "source_file": "./build/index.mjs",
            "type": "zip"
          },
          "sensitive_attributes": []
        }
      ]
    },
    {
      "mode": "data",
      "type": "aws_caller_identity",
      "name": "current",
      "provider": "provider[\"registry.terraform.io/hashicorp/aws\"]",
      "instances": [
        {
          "schema_version": 0,
          "attributes": {
            "account_id": "471112908246",
            "arn": "arn:aws:iam::471112908246:root",
            "id": "471112908246",
            "user_id": "471112908246"
          },
          "sensitive_attributes": []
        }
      ]
    },
    {
      "mode": "data",
      "type": "aws_iam_policy_document",
      "name": "assume_role_for_lambda_execution",
      "provider": "provider[\"registry.terraform.io/hashicorp/aws\"]",
      "instances": [
        {
          "schema_version": 0,
          "attributes": {
            "id": "2690255455",
            "json": "{\n  \"Version\": \"2012-10-17\",\n  \"Statement\": [\n    {\n      \"Effect\": \"Allow\",\n      \"Action\": \"sts:AssumeRole\",\n      \"Principal\": {\n        \"Service\": \"lambda.amazonaws.com\"\n      }\n    }\n  ]\n}",
            "minified_json": "{\"Version\":\"2012-10-17\",\"Statement\":[{\"Effect\":\"Allow\",\"Action\":\"sts:AssumeRole\",\"Principal\":{\"Service\":\"lambda.amazonaws.com\"}}]}",
            "override_json": null,
            "override_policy_documents": null,
            "policy_id": null,
            "source_json": null,
            "source_policy_documents": null,
            "statement": [
              {
                "actions": [
                  "sts:AssumeRole"
                ],
                "condition": [],
                "effect": "Allow",
                "not_actions": [],
                "not_principals": [],
                "not_resources": [],
                "principals": [
                  {
                    "identifiers": [
                      "lambda.amazonaws.com"
                    ],
                    "type": "Service"
                  }
                ],
                "resources": [],
                "sid": ""
              }
            ],
            "version": "2012-10-17"
          },
          "sensitive_attributes": []
        }
      ]
    },
    {
      "mode": "data",
      "type": "aws_iam_policy_document",
      "name": "lambda_execution_policy_doc",
      "provider": "provider[\"registry.terraform.io/hashicorp/aws\"]",
      "instances": [
        {
          "schema_version": 0,
          "attributes": {
            "id": "1521603284",
            "json": "{\n  \"Version\": \"2012-10-17\",\n  \"Statement\": [\n    {\n      \"Effect\": \"Allow\",\n      \"Action\": \"logs:CreateLogGroup\",\n      \"Resource\": \"arn:aws:logs:ap-south-1:471112908246:*\"\n    },\n    {\n      \"Effect\": \"Allow\",\n      \"Action\": [\n        \"logs:PutLogEvents\",\n        \"logs:CreateLogStream\"\n      ],\n      \"Resource\": \"arn:aws:logs:ap-south-1:471112908246:log-group:/aws/lambda/hello-world-function:*\"\n    }\n  ]\n}",
            "minified_json": "{\"Version\":\"2012-10-17\",\"Statement\":[{\"Effect\":\"Allow\",\"Action\":\"logs:CreateLogGroup\",\"Resource\":\"arn:aws:logs:ap-south-1:471112908246:*\"},{\"Effect\":\"Allow\",\"Action\":[\"logs:PutLogEvents\",\"logs:CreateLogStream\"],\"Resource\":\"arn:aws:logs:ap-south-1:471112908246:log-group:/aws/lambda/hello-world-function:*\"}]}",
            "override_json": null,
            "override_policy_documents": null,
            "policy_id": null,
            "source_json": null,
            "source_policy_documents": null,
            "statement": [
              {
                "actions": [
                  "logs:CreateLogGroup"
                ],
                "condition": [],
                "effect": "Allow",
                "not_actions": [],
                "not_principals": [],
                "not_resources": [],
                "principals": [],
                "resources": [
                  "arn:aws:logs:ap-south-1:471112908246:*"
                ],
                "sid": ""
              },
              {
                "actions": [
                  "logs:CreateLogStream",
                  "logs:PutLogEvents"
                ],
                "condition": [],
                "effect": "Allow",
                "not_actions": [],
                "not_principals": [],
                "not_resources": [],
                "principals": [],
                "resources": [
                  "arn:aws:logs:ap-south-1:471112908246:log-group:/aws/lambda/hello-world-function:*"
                ],
                "sid": ""
              }
            ],
            "version": "2012-10-17"
          },
          "sensitive_attributes": []
        }
      ]
    },
    {
      "mode": "data",
      "type": "aws_region",
      "name": "active",
      "provider": "provider[\"registry.terraform.io/hashicorp/aws\"]",
      "instances": [
        {
          "schema_version": 0,
          "attributes": {
            "description": "Asia Pacific (Mumbai)",
            "endpoint": "ec2.ap-south-1.amazonaws.com",
            "id": "ap-south-1",
            "name": "ap-south-1"
          },
          "sensitive_attributes": []
        }
      ]
    },
    {
      "mode": "managed",
      "type": "aws_cloudwatch_log_group",
      "name": "aws_lambda_log_group",
      "provider": "provider[\"registry.terraform.io/hashicorp/aws\"]",
      "instances": [
        {
          "schema_version": 0,
          "attributes": {
            "arn": "arn:aws:logs:ap-south-1:471112908246:log-group:/aws/lambda/hello-world-function",
            "id": "/aws/lambda/hello-world-function",
            "kms_key_id": "",
            "log_group_class": "STANDARD",
            "name": "/aws/lambda/hello-world-function",
            "name_prefix": "",
            "retention_in_days": 0,
            "skip_destroy": false,
            "tags": {},
            "tags_all": {}
          },
          "sensitive_attributes": [],
          "private": "eyJzY2hlbWFfdmVyc2lvbiI6IjAifQ=="
        }
      ]
    },
    {
      "mode": "managed",
      "type": "aws_iam_policy",
      "name": "lambda_execution_policy",
      "provider": "provider[\"registry.terraform.io/hashicorp/aws\"]",
      "instances": [
        {
          "schema_version": 0,
          "attributes": {
            "arn": "arn:aws:iam::471112908246:policy/service-role/AWSLambdaBasicExecutionRole-9d82eeaf-41d0-4fa0-9757-032327a45fac",
            "attachment_count": 1,
            "description": "IAM policy for Lambda function logging",
            "id": "arn:aws:iam::471112908246:policy/service-role/AWSLambdaBasicExecutionRole-9d82eeaf-41d0-4fa0-9757-032327a45fac",
            "name": "AWSLambdaBasicExecutionRole-9d82eeaf-41d0-4fa0-9757-032327a45fac",
            "name_prefix": "",
            "path": "/service-role/",
            "policy": "{\"Statement\":[{\"Action\":\"logs:CreateLogGroup\",\"Effect\":\"Allow\",\"Resource\":\"arn:aws:logs:ap-south-1:471112908246:*\"},{\"Action\":[\"logs:PutLogEvents\",\"logs:CreateLogStream\"],\"Effect\":\"Allow\",\"Resource\":\"arn:aws:logs:ap-south-1:471112908246:log-group:/aws/lambda/hello-world-function:*\"}],\"Version\":\"2012-10-17\"}",
            "policy_id": "ANPAW3MEEPXLNBY7VNUDX",
            "tags": {},
            "tags_all": {}
          },
          "sensitive_attributes": [],
          "private": "bnVsbA==",
          "dependencies": [
            "data.aws_caller_identity.current",
            "data.aws_iam_policy_document.lambda_execution_policy_doc",
            "data.aws_region.active"
          ]
        }
      ]
    },
    {
      "mode": "managed",
      "type": "aws_iam_role",
      "name": "lambda_function_role",
      "provider": "provider[\"registry.terraform.io/hashicorp/aws\"]",
      "instances": [
        {
          "schema_version": 0,
          "attributes": {
            "arn": "arn:aws:iam::471112908246:role/service-role/hello-world-function-role-luano6ga",
            "assume_role_policy": "{\"Statement\":[{\"Action\":\"sts:AssumeRole\",\"Effect\":\"Allow\",\"Principal\":{\"Service\":\"lambda.amazonaws.com\"}}],\"Version\":\"2012-10-17\"}",
            "create_date": "2025-05-14T17:14:07Z",
            "description": "",
            "force_detach_policies": false,
            "id": "hello-world-function-role-luano6ga",
            "inline_policy": [],
            "managed_policy_arns": [
              "arn:aws:iam::471112908246:policy/service-role/AWSLambdaBasicExecutionRole-9d82eeaf-41d0-4fa0-9757-032327a45fac"
            ],
            "max_session_duration": 3600,
            "name": "hello-world-function-role-luano6ga",
            "name_prefix": "",
            "path": "/service-role/",
            "permissions_boundary": "",
            "tags": {},
            "tags_all": {},
            "unique_id": "AROAW3MEEPXLMQP6P264G"
          },
          "sensitive_attributes": [],
          "private": "eyJzY2hlbWFfdmVyc2lvbiI6IjAifQ==",
          "dependencies": [
            "data.aws_iam_policy_document.assume_role_for_lambda_execution"
          ]
        }
      ]
    },
    {
      "mode": "managed",
      "type": "aws_iam_role_policy_attachment",
      "name": "lambda_role_policy_attachment",
      "provider": "provider[\"registry.terraform.io/hashicorp/aws\"]",
      "instances": [
        {
          "schema_version": 0,
          "attributes": {
            "id": "hello-world-function-role-luano6ga-20250514190943254900000001",
            "policy_arn": "arn:aws:iam::471112908246:policy/service-role/AWSLambdaBasicExecutionRole-9d82eeaf-41d0-4fa0-9757-032327a45fac",
            "role": "hello-world-function-role-luano6ga"
          },
          "sensitive_attributes": [],
          "private": "bnVsbA==",
          "dependencies": [
            "aws_iam_policy.lambda_execution_policy",
            "aws_iam_role.lambda_function_role",
            "data.aws_caller_identity.current",
            "data.aws_iam_policy_document.assume_role_for_lambda_execution",
            "data.aws_iam_policy_document.lambda_execution_policy_doc",
            "data.aws_region.active"
          ]
        }
      ]
    },
    {
      "mode": "managed",
      "type": "aws_lambda_function",
      "name": "this",
      "provider": "provider[\"registry.terraform.io/hashicorp/aws\"]",
      "instances": [
        {
          "schema_version": 0,
          "attributes": {
            "architectures": [
              "x86_64"
            ],
            "arn": "arn:aws:lambda:ap-south-1:471112908246:function:hello-world-function",
            "code_sha256": "zd2vo+P/whBvl9f122lod96ty8dU+Tl2ZmON2FHGHyo=",
            "code_signing_config_arn": "",
            "dead_letter_config": [],
            "description": "A starter AWS Lambda function.",
            "environment": [],
            "ephemeral_storage": [
              {
                "size": 512
              }
            ],
            "file_system_config": [],
            "filename": "./build/lambda.zip",
            "function_name": "hello-world-function",
            "handler": "index.handler",
            "id": "hello-world-function",
            "image_config": [],
            "image_uri": "",
            "invoke_arn": "arn:aws:apigateway:ap-south-1:lambda:path/2015-03-31/functions/arn:aws:lambda:ap-south-1:471112908246:function:hello-world-function/invocations",
            "kms_key_arn": "",
            "last_modified": "2025-05-14T19:00:46.000+0000",
            "layers": [],
            "logging_config": [
              {
                "application_log_level": "",
                "log_format": "Text",
                "log_group": "/aws/lambda/hello-world-function",
                "system_log_level": ""
              }
            ],
            "memory_size": 128,
            "package_type": "Zip",
            "publish": false,
            "qualified_arn": "arn:aws:lambda:ap-south-1:471112908246:function:hello-world-function:$LATEST",
            "qualified_invoke_arn": "arn:aws:apigateway:ap-south-1:lambda:path/2015-03-31/functions/arn:aws:lambda:ap-south-1:471112908246:function:hello-world-function:$LATEST/invocations",
            "replace_security_groups_on_destroy": null,
            "replacement_security_group_ids": null,
            "reserved_concurrent_executions": -1,
            "role": "arn:aws:iam::471112908246:role/service-role/hello-world-function-role-luano6ga",
            "runtime": "nodejs18.x",
            "s3_bucket": null,
            "s3_key": null,
            "s3_object_version": null,
            "signing_job_arn": "",
            "signing_profile_version_arn": "",
            "skip_destroy": false,
            "snap_start": [],
            "source_code_hash": "zd2vo+P/whBvl9f122lod96ty8dU+Tl2ZmON2FHGHyo=",
            "source_code_size": 274,
            "tags": {
              "lambda-console:blueprint": "hello-world"
            },
            "tags_all": {
              "lambda-console:blueprint": "hello-world"
            },
            "timeout": 3,
            "timeouts": null,
            "tracing_config": [
              {
                "mode": "PassThrough"
              }
            ],
            "version": "$LATEST",
            "vpc_config": []
          },
          "sensitive_attributes": [],
          "private": "eyJlMmJmYjczMC1lY2FhLTExZTYtOGY4OC0zNDM2M2JjN2M0YzAiOnsiY3JlYXRlIjo2MDAwMDAwMDAwMDAsImRlbGV0ZSI6NjAwMDAwMDAwMDAwLCJ1cGRhdGUiOjYwMDAwMDAwMDAwMH19",
          "dependencies": [
            "aws_iam_role.lambda_function_role",
            "data.aws_iam_policy_document.assume_role_for_lambda_execution"
          ]
        }
      ]
    },
    {
      "mode": "managed",
      "type": "aws_lambda_function_url",
      "name": "test_latest",
      "provider": "provider[\"registry.terraform.io/hashicorp/aws\"]",
      "instances": [
        {
          "schema_version": 0,
          "attributes": {
            "authorization_type": "NONE",
            "cors": [],
            "function_arn": "arn:aws:lambda:ap-south-1:471112908246:function:hello-world-function",
            "function_name": "hello-world-function",
            "function_url": "https://qdqse6bue4oc5sawzqhmttrahy0xvetv.lambda-url.ap-south-1.on.aws/",
            "id": "hello-world-function",
            "invoke_mode": "BUFFERED",
            "qualifier": "",
            "timeouts": null,
            "url_id": "qdqse6bue4oc5sawzqhmttrahy0xvetv"
          },
          "sensitive_attributes": [],
          "private": "eyJlMmJmYjczMC1lY2FhLTExZTYtOGY4OC0zNDM2M2JjN2M0YzAiOnsiY3JlYXRlIjo2MDAwMDAwMDAwMDB9fQ==",
          "dependencies": [
            "aws_iam_role.lambda_function_role",
            "aws_lambda_function.this",
            "data.aws_iam_policy_document.assume_role_for_lambda_execution"
          ]
        }
      ]
    }
  ],
  "check_results": null
}
